{
  "requires": true,
  "lockfileVersion": 1,
  "dependencies": {
    "bpw-components": {
      "version": "file:../bpw-components/dist/bpw-components/bpw-components-0.0.1.tgz",
      "integrity": "sha512-AIdklVRhc+86RsEU2zkL7RN58bSZyFxSYsb4c8bmKZO/2Rr6NaCSbHuiOTVxpdDcV29uF7m9LDDVXRp0dMO6Fw=="
    }
  }
}
